// !$*UTF8*$!
{
	archiveVersion = 1;
	classes = {
	};
	objectVersion = 50;
	objects = {

/* Begin PBXBuildFile section */
		3A9E7CD724B7473C00670864 /* AppDelegate.swift in Sources */ = {isa = PBXBuildFile; fileRef = 3A9E7CD624B7473C00670864 /* AppDelegate.swift */; };
		3A9E7CD924B7473C00670864 /* SceneDelegate.swift in Sources */ = {isa = PBXBuildFile; fileRef = 3A9E7CD824B7473C00670864 /* SceneDelegate.swift */; };
		3A9E7CDB24B7473C00670864 /* ViewController.swift in Sources */ = {isa = PBXBuildFile; fileRef = 3A9E7CDA24B7473C00670864 /* ViewController.swift */; };
		3A9E7CE024B7474200670864 /* Assets.xcassets in Resources */ = {isa = PBXBuildFile; fileRef = 3A9E7CDF24B7474200670864 /* Assets.xcassets */; };
		3A9E7CE324B7474200670864 /* LaunchScreen.storyboard in Resources */ = {isa = PBXBuildFile; fileRef = 3A9E7CE124B7474200670864 /* LaunchScreen.storyboard */; };
		3A9E7CEE24B7480000670864 /* User.swift in Sources */ = {isa = PBXBuildFile; fileRef = 3A9E7CED24B7480000670864 /* User.swift */; };
		3ADF8D1B24B88EDD000DA2E2 /* LoginViewController.swift in Sources */ = {isa = PBXBuildFile; fileRef = 3ADF8D1A24B88EDD000DA2E2 /* LoginViewController.swift */; };
/* End PBXBuildFile section */

/* Begin PBXFileReference section */
		3A9E7CD324B7473C00670864 /* VTB_HW6.app */ = {isa = PBXFileReference; explicitFileType = wrapper.application; includeInIndex = 0; path = VTB_HW6.app; sourceTree = BUILT_PRODUCTS_DIR; };
		3A9E7CD624B7473C00670864 /* AppDelegate.swift */ = {isa = PBXFileReference; lastKnownFileType = sourcecode.swift; path = AppDelegate.swift; sourceTree = "<group>"; };
		3A9E7CD824B7473C00670864 /* SceneDelegate.swift */ = {isa = PBXFileReference; lastKnownFileType = sourcecode.swift; path = SceneDelegate.swift; sourceTree = "<group>"; };
		3A9E7CDA24B7473C00670864 /* ViewController.swift */ = {isa = PBXFileReference; lastKnownFileType = sourcecode.swift; path = ViewController.swift; sourceTree = "<group>"; };
		3A9E7CDF24B7474200670864 /* Assets.xcassets */ = {isa = PBXFileReference; lastKnownFileType = folder.assetcatalog; path = Assets.xcassets; sourceTree = "<group>"; };
		3A9E7CE224B7474200670864 /* Base */ = {isa = PBXFileReference; lastKnownFileType = file.storyboard; name = Base; path = Base.lproj/LaunchScreen.storyboard; sourceTree = "<group>"; };
		3A9E7CE424B7474200670864 /* Info.plist */ = {isa = PBXFileReference; lastKnownFileType = text.plist.xml; path = Info.plist; sourceTree = "<group>"; };
		3A9E7CED24B7480000670864 /* User.swift */ = {isa = PBXFileReference; lastKnownFileType = sourcecode.swift; path = User.swift; sourceTree = "<group>"; };
		3ADF8D1A24B88EDD000DA2E2 /* LoginViewController.swift */ = {isa = PBXFileReference; lastKnownFileType = sourcecode.swift; path = LoginViewController.swift; sourceTree = "<group>"; };
/* End PBXFileReference section */

/* Begin PBXFrameworksBuildPhase section */
		3A9E7CD024B7473C00670864 /* Frameworks */ = {
			isa = PBXFrameworksBuildPhase;
			buildActionMask = 2147483647;
			files = (
			);
			runOnlyForDeploymentPostprocessing = 0;
		};
/* End PBXFrameworksBuildPhase section */

/* Begin PBXGroup section */
		3A9E7CCA24B7473B00670864 = {
			isa = PBXGroup;
			children = (
				3A9E7CD524B7473C00670864 /* VTB_HW6 */,
				3A9E7CD424B7473C00670864 /* Products */,
			);
			sourceTree = "<group>";
		};
		3A9E7CD424B7473C00670864 /* Products */ = {
			isa = PBXGroup;
			children = (
				3A9E7CD324B7473C00670864 /* VTB_HW6.app */,
			);
			name = Products;
			sourceTree = "<group>";
		};
		3A9E7CD524B7473C00670864 /* VTB_HW6 */ = {
			isa = PBXGroup;
			children = (
				3A9E7CEC24B747D900670864 /* Application */,
				3A9E7CDA24B7473C00670864 /* ViewController.swift */,
				3ADF8D1A24B88EDD000DA2E2 /* LoginViewController.swift */,
				3A9E7CED24B7480000670864 /* User.swift */,
				3A9E7CEA24B747AC00670864 /* Resources */,
				3A9E7CEB24B747B800670864 /* Supporting Files */,
			);
			path = VTB_HW6;
			sourceTree = "<group>";
		};
		3A9E7CEA24B747AC00670864 /* Resources */ = {
			isa = PBXGroup;
			children = (
				3A9E7CDF24B7474200670864 /* Assets.xcassets */,
			);
			path = Resources;
			sourceTree = "<group>";
		};
		3A9E7CEB24B747B800670864 /* Supporting Files */ = {
			isa = PBXGroup;
			children = (
				3A9E7CE124B7474200670864 /* LaunchScreen.storyboard */,
				3A9E7CE424B7474200670864 /* Info.plist */,
			);
			path = "Supporting Files";
			sourceTree = "<group>";
		};
		3A9E7CEC24B747D900670864 /* Application */ = {
			isa = PBXGroup;
			children = (
				3A9E7CD624B7473C00670864 /* AppDelegate.swift */,
				3A9E7CD824B7473C00670864 /* SceneDelegate.swift */,
			);
			path = Application;
			sourceTree = "<group>";
		};
/* End PBXGroup section */

/* Begin PBXNativeTarget section */
		3A9E7CD224B7473C00670864 /* VTB_HW6 */ = {
			isa = PBXNativeTarget;
			buildConfigurationList = 3A9E7CE724B7474200670864 /* Build configuration list for PBXNativeTarget "VTB_HW6" */;
			buildPhases = (
				3A9E7CCF24B7473C00670864 /* Sources */,
				3A9E7CD024B7473C00670864 /* Frameworks */,
				3A9E7CD124B7473C00670864 /* Resources */,
			);
			buildRules = (
			);
			dependencies = (
			);
			name = VTB_HW6;
			productName = VTB_HW6;
			productReference = 3A9E7CD324B7473C00670864 /* VTB_HW6.app */;
			productType = "com.apple.product-type.application";
		};
/* End PBXNativeTarget section */

/* Begin PBXProject section */
		3A9E7CCB24B7473C00670864 /* Project object */ = {
			isa = PBXProject;
			attributes = {
				LastSwiftUpdateCheck = 1150;
				LastUpgradeCheck = 1150;
				ORGANIZATIONNAME = "Anton Tolstov";
				TargetAttributes = {
					3A9E7CD224B7473C00670864 = {
						CreatedOnToolsVersion = 11.5;
					};
				};
			};
			buildConfigurationList = 3A9E7CCE24B7473C00670864 /* Build configuration list for PBXProject "VTB_HW6" */;
			compatibilityVersion = "Xcode 9.3";
			developmentRegion = en;
			hasScannedForEncodings = 0;
			knownRegions = (
				en,
				Base,
			);
			mainGroup = 3A9E7CCA24B7473B00670864;
			productRefGroup = 3A9E7CD424B7473C00670864 /* Products */;
			projectDirPath = "";
			projectRoot = "";
			targets = (
				3A9E7CD224B7473C00670864 /* VTB_HW6 */,
			);
		};
/* End PBXProject section */

/* Begin PBXResourcesBuildPhase section */
		3A9E7CD124B7473C00670864 /* Resources */ = {
			isa = PBXResourcesBuildPhase;
			buildActionMask = 2147483647;
			files = (
				3A9E7CE324B7474200670864 /* LaunchScreen.storyboard in Resources */,
				3A9E7CE024B7474200670864 /* Assets.xcassets in Resources */,
			);
			runOnlyForDeploymentPostprocessing = 0;
		};
/* End PBXResourcesBuildPhase section */

/* Begin PBXSourcesBuildPhase section */
		3A9E7CCF24B7473C00670864 /* Sources */ = {
			isa = PBXSourcesBuildPhase;
			buildActionMask = 2147483647;
			files = (
				3A9E7CEE24B7480000670864 /* User.swift in Sources */,
				3A9E7CDB24B7473C00670864 /* ViewController.swift in Sources */,
				3A9E7CD724B7473C00670864 /* AppDelegate.swift in Sources */,
				3ADF8D1B24B88EDD000DA2E2 /* LoginViewController.swift in Sources */,
				3A9E7CD924B7473C00670864 /* SceneDelegate.swift in Sources */,
			);
			runOnlyForDeploymentPostprocessing = 0;
		};
/* End PBXSourcesBuildPhase section */

/* Begin PBXVariantGroup section */
		3A9E7CE124B7474200670864 /* LaunchScreen.storyboard */ = {
			isa = PBXVariantGroup;
			children = (
				3A9E7CE224B7474200670864 /* Base */,
			);
			name = LaunchScreen.storyboard;
			sourceTree = "<group>";
		};
/* End PBXVariantGroup section */

/* Begin XCBuildConfiguration section */
		3A9E7CE524B7474200670864 /* Debug */ = {
			isa = XCBuildConfiguration;
			buildSettings = {
				ALWAYS_SEARCH_USER_PATHS = NO;
				CLANG_ANALYZER_NONNULL = YES;
				CLANG_ANALYZER_NUMBER_OBJECT_CONVERSION = YES_AGGRESSIVE;
				CLANG_CXX_LANGUAGE_STANDARD = "gnu++14";
				CLANG_CXX_LIBRARY = "libc++";
				CLANG_ENABLE_MODULES = YES;
				CLANG_ENABLE_OBJC_ARC = YES;
				CLANG_ENABLE_OBJC_WEAK = YES;
				CLANG_WARN_BLOCK_CAPTURE_AUTORELEASING = YES;
				CLANG_WARN_BOOL_CONVERSION = YES;
				CLANG_WARN_COMMA = YES;
				CLANG_WARN_CONSTANT_CONVERSION = YES;
				CLANG_WARN_DEPRECATED_OBJC_IMPLEMENTATIONS = YES;
				CLANG_WARN_DIRECT_OBJC_ISA_USAGE = YES_ERROR;
				CLANG_WARN_DOCUMENTATION_COMMENTS = YES;
				CLANG_WARN_EMPTY_BODY = YES;
				CLANG_WARN_ENUM_CONVERSION = YES;
				CLANG_WARN_INFINITE_RECURSION = YES;
				CLANG_WARN_INT_CONVERSION = YES;
				CLANG_WARN_NON_LITERAL_NULL_CONVERSION = YES;
				CLANG_WARN_OBJC_IMPLICIT_RETAIN_SELF = YES;
				CLANG_WARN_OBJC_LITERAL_CONVERSION = YES;
				CLANG_WARN_OBJC_ROOT_CLASS = YES_ERROR;
				CLANG_WARN_RANGE_LOOP_ANALYSIS = YES;
				CLANG_WARN_STRICT_PROTOTYPES = YES;
				CLANG_WARN_SUSPICIOUS_MOVE = YES;
				CLANG_WARN_UNGUARDED_AVAILABILITY = YES_AGGRESSIVE;
				CLANG_WARN_UNREACHABLE_CODE = YES;
				CLANG_WARN__DUPLICATE_METHOD_MATCH = YES;
				COPY_PHASE_STRIP = NO;
				DEBUG_INFORMATION_FORMAT = dwarf;
				ENABLE_STRICT_OBJC_MSGSEND = YES;
				ENABLE_TESTABILITY = YES;
				GCC_C_LANGUAGE_STANDARD = gnu11;
				GCC_DYNAMIC_NO_PIC = NO;
				GCC_NO_COMMON_BLOCKS = YES;
				GCC_OPTIMIZATION_LEVEL = 0;
				GCC_PREPROCESSOR_DEFINITIONS = (
					"DEBUG=1",
					"$(inherited)",
				);
				GCC_WARN_64_TO_32_BIT_CONVERSION = YES;
				GCC_WARN_ABOUT_RETURN_TYPE = YES_ERROR;
				GCC_WARN_UNDECLARED_SELECTOR = YES;
				GCC_WARN_UNINITIALIZED_AUTOS = YES_AGGRESSIVE;
				GCC_WARN_UNUSED_FUNCTION = YES;
				GCC_WARN_UNUSED_VARIABLE = YES;
				IPHONEOS_DEPLOYMENT_TARGET = 13.5;
				MTL_ENABLE_DEBUG_INFO = INCLUDE_SOURCE;
				MTL_FAST_MATH = YES;
				ONLY_ACTIVE_ARCH = YES;
				SDKROOT = iphoneos;
				SWIFT_ACTIVE_COMPILATION_CONDITIONS = DEBUG;
				SWIFT_OPTIMIZATION_LEVEL = "-Onone";
			};
			name = Debug;
		};
		3A9E7CE624B7474200670864 /* Release */ = {
			isa = XCBuildConfiguration;
			buildSettings = {
				ALWAYS_SEARCH_USER_PATHS = NO;
				CLANG_ANALYZER_NONNULL = YES;
				CLANG_ANALYZER_NUMBER_OBJECT_CONVERSION = YES_AGGRESSIVE;
				CLANG_CXX_LANGUAGE_STANDARD = "gnu++14";
				CLANG_CXX_LIBRARY = "libc++";
				CLANG_ENABLE_MODULES = YES;
				CLANG_ENABLE_OBJC_ARC = YES;
				CLANG_ENABLE_OBJC_WEAK = YES;
				CLANG_WARN_BLOCK_CAPTURE_AUTORELEASING = YES;
				CLANG_WARN_BOOL_CONVERSION = YES;
				CLANG_WARN_COMMA = YES;
				CLANG_WARN_CONSTANT_CONVERSION = YES;
				CLANG_WARN_DEPRECATED_OBJC_IMPLEMENTATIONS = YES;
				CLANG_WARN_DIRECT_OBJC_ISA_USAGE = YES_ERROR;
				CLANG_WARN_DOCUMENTATION_COMMENTS = YES;
				CLANG_WARN_EMPTY_BODY = YES;
				CLANG_WARN_ENUM_CONVERSION = YES;
				CLANG_WARN_INFINITE_RECURSION = YES;
				CLANG_WARN_INT_CONVERSION = YES;
				CLANG_WARN_NON_LITERAL_NULL_CONVERSION = YES;
				CLANG_WARN_OBJC_IMPLICIT_RETAIN_SELF = YES;
				CLANG_WARN_OBJC_LITERAL_CONVERSION = YES;
				CLANG_WARN_OBJC_ROOT_CLASS = YES_ERROR;
				CLANG_WARN_RANGE_LOOP_ANALYSIS = YES;
				CLANG_WARN_STRICT_PROTOTYPES = YES;
				CLANG_WARN_SUSPICIOUS_MOVE = YES;
				CLANG_WARN_UNGUARDED_AVAILABILITY = YES_AGGRESSIVE;
				CLANG_WARN_UNREACHABLE_CODE = YES;
				CLANG_WARN__DUPLICATE_METHOD_MATCH = YES;
				COPY_PHASE_STRIP = NO;
				DEBUG_INFORMATION_FORMAT = "dwarf-with-dsym";
				ENABLE_NS_ASSERTIONS = NO;
				ENABLE_STRICT_OBJC_MSGSEND = YES;
				GCC_C_LANGUAGE_STANDARD = gnu11;
				GCC_NO_COMMON_BLOCKS = YES;
				GCC_WARN_64_TO_32_BIT_CONVERSION = YES;
				GCC_WARN_ABOUT_RETURN_TYPE = YES_ERROR;
				GCC_WARN_UNDECLARED_SELECTOR = YES;
				GCC_WARN_UNINITIALIZED_AUTOS = YES_AGGRESSIVE;
				GCC_WARN_UNUSED_FUNCTION = YES;
				GCC_WARN_UNUSED_VARIABLE = YES;
				IPHONEOS_DEPLOYMENT_TARGET = 13.5;
				MTL_ENABLE_DEBUG_INFO = NO;
				MTL_FAST_MATH = YES;
				SDKROOT = iphoneos;
				SWIFT_COMPILATION_MODE = wholemodule;
				SWIFT_OPTIMIZATION_LEVEL = "-O";
				VALIDATE_PRODUCT = YES;
			};
			name = Release;
		};
		3A9E7CE824B7474200670864 /* Debug */ = {
			isa = XCBuildConfiguration;
			buildSettings = {
				ASSETCATALOG_COMPILER_APPICON_NAME = AppIcon;
				CODE_SIGN_STYLE = Automatic;
				DEVELOPMENT_TEAM = J3B68N99HN;
				INFOPLIST_FILE = "VTB_HW6/Supporting Files/Info.plist";
				LD_RUNPATH_SEARCH_PATHS = (
					"$(inherited)",
					"@executable_path/Frameworks",
				);
				PRODUCT_BUNDLE_IDENTIFIER = "com.ducksowl.VTB-HW6";
				PRODUCT_NAME = "$(TARGET_NAME)";
				SWIFT_VERSION = 5.0;
				TARGETED_DEVICE_FAMILY = "1,2";
			};
			name = Debug;
		};
		3A9E7CE924B7474200670864 /* Release */ = {
			isa = XCBuildConfiguration;
			buildSettings = {
				ASSETCATALOG_COMPILER_APPICON_NAME = AppIcon;
				CODE_SIGN_STYLE = Automatic;
				DEVELOPMENT_TEAM = J3B68N99HN;
				INFOPLIST_FILE = "VTB_HW6/Supporting Files/Info.plist";
				LD_RUNPATH_SEARCH_PATHS = (
					"$(inherited)",
					"@executable_path/Frameworks",
				);
				PRODUCT_BUNDLE_IDENTIFIER = "com.ducksowl.VTB-HW6";
				PRODUCT_NAME = "$(TARGET_NAME)";
				SWIFT_VERSION = 5.0;
				TARGETED_DEVICE_FAMILY = "1,2";
			};
			name = Release;
		};
/* End XCBuildConfiguration section */

/* Begin XCConfigurationList section */
		3A9E7CCE24B7473C00670864 /* Build configuration list for PBXProject "VTB_HW6" */ = {
			isa = XCConfigurationList;
			buildConfigurations = (
				3A9E7CE524B7474200670864 /* Debug */,
				3A9E7CE624B7474200670864 /* Release */,
			);
			defaultConfigurationIsVisible = 0;
			defaultConfigurationName = Release;
		};
		3A9E7CE724B7474200670864 /* Build configuration list for PBXNativeTarget "VTB_HW6" */ = {
			isa = XCConfigurationList;
			buildConfigurations = (
				3A9E7CE824B7474200670864 /* Debug */,
				3A9E7CE924B7474200670864 /* Release */,
			);
			defaultConfigurationIsVisible = 0;
			defaultConfigurationName = Release;
		};
/* End XCConfigurationList section */
	};
	rootObject = 3A9E7CCB24B7473C00670864 /* Project object */;
}
